
Microsoft Visual Studio Solution File, Format Version 12.00
# Visual Studio 15
VisualStudioVersion = 15.0.27004.2008
MinimumVisualStudioVersion = 10.0.40219.1
Project("{FAE04EC0-301F-11D3-BF4B-00C04F79EFBC}") = "Exercise02", "Exercise02\Exercise02.csproj", "{34D11D0E-60DE-46F5-AFD1-9C333BBE4DEA}"
EndProject
Project("{FAE04EC0-301F-11D3-BF4B-00C04F79EFBC}") = "Exercise04", "Exercise04\Exercise04.csproj", "{9B7C8548-FF1A-4EAA-BE64-1AA29AE7F048}"
EndProject
Project("{FAE04EC0-301F-11D3-BF4B-00C04F79EFBC}") = "Exercise07", "Exercise07\Exercise07.csproj", "{EB39B32F-5D99-422D-ADC8-58F1C6C23BFA}"
EndProject
Project("{FAE04EC0-301F-11D3-BF4B-00C04F79EFBC}") = "Exercise05", "Exercise05\Exercise05.csproj", "{A727C00A-43AC-4B35-A2A6-832E52C6A1AB}"
EndProject
Project("{FAE04EC0-301F-11D3-BF4B-00C04F79EFBC}") = "Exercise01", "Exercise01\Exercise01.csproj", "{DD6DAF04-3537-46D7-A24B-B13D83F26467}"
EndProject
Project("{FAE04EC0-301F-11D3-BF4B-00C04F79EFBC}") = "Exercise06", "Exercise06\Exercise06.csproj", "{6FD48DAD-3530-4E99-A8BC-EBBC8694E973}"
EndProject
Global
	GlobalSection(SolutionConfigurationPlatforms) = preSolution
		Debug|Any CPU = Debug|Any CPU
		Release|Any CPU = Release|Any CPU
	EndGlobalSection
	GlobalSection(ProjectConfigurationPlatforms) = postSolution
		{34D11D0E-60DE-46F5-AFD1-9C333BBE4DEA}.Debug|Any CPU.ActiveCfg = Debug|Any CPU
		{34D11D0E-60DE-46F5-AFD1-9C333BBE4DEA}.Debug|Any CPU.Build.0 = Debug|Any CPU
		{34D11D0E-60DE-46F5-AFD1-9C333BBE4DEA}.Debug|Any CPU.Deploy.0 = Debug|Any CPU
		{34D11D0E-60DE-46F5-AFD1-9C333BBE4DEA}.Release|Any CPU.ActiveCfg = Release|Any CPU
		{34D11D0E-60DE-46F5-AFD1-9C333BBE4DEA}.Release|Any CPU.Build.0 = Release|Any CPU
		{34D11D0E-60DE-46F5-AFD1-9C333BBE4DEA}.Release|Any CPU.Deploy.0 = Release|Any CPU
		{9B7C8548-FF1A-4EAA-BE64-1AA29AE7F048}.Debug|Any CPU.ActiveCfg = Debug|Any CPU
		{9B7C8548-FF1A-4EAA-BE64-1AA29AE7F048}.Debug|Any CPU.Build.0 = Debug|Any CPU
		{9B7C8548-FF1A-4EAA-BE64-1AA29AE7F048}.Debug|Any CPU.Deploy.0 = Debug|Any CPU
		{9B7C8548-FF1A-4EAA-BE64-1AA29AE7F048}.Release|Any CPU.ActiveCfg = Release|Any CPU
		{9B7C8548-FF1A-4EAA-BE64-1AA29AE7F048}.Release|Any CPU.Build.0 = Release|Any CPU
		{9B7C8548-FF1A-4EAA-BE64-1AA29AE7F048}.Release|Any CPU.Deploy.0 = Release|Any CPU
		{EB39B32F-5D99-422D-ADC8-58F1C6C23BFA}.Debug|Any CPU.ActiveCfg = Debug|Any CPU
		{EB39B32F-5D99-422D-ADC8-58F1C6C23BFA}.Debug|Any CPU.Build.0 = Debug|Any CPU
		{EB39B32F-5D99-422D-ADC8-58F1C6C23BFA}.Debug|Any CPU.Deploy.0 = Debug|Any CPU
		{EB39B32F-5D99-422D-ADC8-58F1C6C23BFA}.Release|Any CPU.ActiveCfg = Release|Any CPU
		{EB39B32F-5D99-422D-ADC8-58F1C6C23BFA}.Release|Any CPU.Build.0 = Release|Any CPU
		{EB39B32F-5D99-422D-ADC8-58F1C6C23BFA}.Release|Any CPU.Deploy.0 = Release|Any CPU
		{A727C00A-43AC-4B35-A2A6-832E52C6A1AB}.Debug|Any CPU.ActiveCfg = Debug|Any CPU
		{A727C00A-43AC-4B35-A2A6-832E52C6A1AB}.Debug|Any CPU.Build.0 = Debug|Any CPU
		{A727C00A-43AC-4B35-A2A6-832E52C6A1AB}.Debug|Any CPU.Deploy.0 = Debug|Any CPU
		{A727C00A-43AC-4B35-A2A6-832E52C6A1AB}.Release|Any CPU.ActiveCfg = Release|Any CPU
		{A727C00A-43AC-4B35-A2A6-832E52C6A1AB}.Release|Any CPU.Build.0 = Release|Any CPU
		{A727C00A-43AC-4B35-A2A6-832E52C6A1AB}.Release|Any CPU.Deploy.0 = Release|Any CPU
		{DD6DAF04-3537-46D7-A24B-B13D83F26467}.Debug|Any CPU.ActiveCfg = Debug|Any CPU
		{DD6DAF04-3537-46D7-A24B-B13D83F26467}.Debug|Any CPU.Build.0 = Debug|Any CPU
		{DD6DAF04-3537-46D7-A24B-B13D83F26467}.Debug|Any CPU.Deploy.0 = Debug|Any CPU
		{DD6DAF04-3537-46D7-A24B-B13D83F26467}.Release|Any CPU.ActiveCfg = Release|Any CPU
		{DD6DAF04-3537-46D7-A24B-B13D83F26467}.Release|Any CPU.Build.0 = Release|Any CPU
		{DD6DAF04-3537-46D7-A24B-B13D83F26467}.Release|Any CPU.Deploy.0 = Release|Any CPU
		{6FD48DAD-3530-4E99-A8BC-EBBC8694E973}.Debug|Any CPU.ActiveCfg = Debug|Any CPU
		{6FD48DAD-3530-4E99-A8BC-EBBC8694E973}.Debug|Any CPU.Build.0 = Debug|Any CPU
		{6FD48DAD-3530-4E99-A8BC-EBBC8694E973}.Debug|Any CPU.Deploy.0 = Debug|Any CPU
		{6FD48DAD-3530-4E99-A8BC-EBBC8694E973}.Release|Any CPU.ActiveCfg = Release|Any CPU
		{6FD48DAD-3530-4E99-A8BC-EBBC8694E973}.Release|Any CPU.Build.0 = Release|Any CPU
		{6FD48DAD-3530-4E99-A8BC-EBBC8694E973}.Release|Any CPU.Deploy.0 = Release|Any CPU
	EndGlobalSection
	GlobalSection(SolutionProperties) = preSolution
		HideSolutionNode = FALSE
	EndGlobalSection
	GlobalSection(ExtensibilityGlobals) = postSolution
		SolutionGuid = {72E4A746-C596-459E-AABC-EF88DE7AC5F3}
	EndGlobalSection
EndGlobal
